
Microsoft Visual Studio Solution File, Format Version 12.00
# Visual Studio Version 17
VisualStudioVersion = 17.14.36414.22 d17.14
MinimumVisualStudioVersion = 10.0.40219.1
Project("{FAE04EC0-301F-11D3-BF4B-00C04F79EFBC}") = "WebApplication8", "WebApplication8\WebApplication8.csproj", "{416E0422-7212-40E7-8FFE-A792285D65FF}"
EndProject
Global
	GlobalSection(SolutionConfigurationPlatforms) = preSolution
		Debug|Any CPU = Debug|Any CPU
		Release|Any CPU = Release|Any CPU
	EndGlobalSection
	GlobalSection(ProjectConfigurationPlatforms) = postSolution
		{416E0422-7212-40E7-8FFE-A792285D65FF}.Debug|Any CPU.ActiveCfg = Debug|Any CPU
		{416E0422-7212-40E7-8FFE-A792285D65FF}.Debug|Any CPU.Build.0 = Debug|Any CPU
		{416E0422-7212-40E7-8FFE-A792285D65FF}.Release|Any CPU.ActiveCfg = Release|Any CPU
		{416E0422-7212-40E7-8FFE-A792285D65FF}.Release|Any CPU.Build.0 = Release|Any CPU
	EndGlobalSection
	GlobalSection(SolutionProperties) = preSolution
		HideSolutionNode = FALSE
	EndGlobalSection
	GlobalSection(ExtensibilityGlobals) = postSolution
		SolutionGuid = {882FA8DA-6D3F-421D-BA4C-E28C8B77B7F1}
	EndGlobalSection
EndGlobal
